
Microsoft Visual Studio Solution File, Format Version 12.00
# Visual Studio 15
VisualStudioVersion = 15.0.27428.2005
MinimumVisualStudioVersion = 10.0.40219.1
Project("{FAE04EC0-301F-11D3-BF4B-00C04F79EFBC}") = "MyBookCollection", "MyBookCollection\MyBookCollection.csproj", "{23CE5E93-6F27-404F-B914-DD4027DB6F5D}"
EndProject
Project("{FAE04EC0-301F-11D3-BF4B-00C04F79EFBC}") = "MyBookCollectionTests", "MyBookCollectionTests\MyBookCollectionTests.csproj", "{B5F30BB8-A828-484A-AAFA-95C73EC66A8C}"
EndProject
Global
	GlobalSection(SolutionConfigurationPlatforms) = preSolution
		Debug|Any CPU = Debug|Any CPU
		Release|Any CPU = Release|Any CPU
	EndGlobalSection
	GlobalSection(ProjectConfigurationPlatforms) = postSolution
		{23CE5E93-6F27-404F-B914-DD4027DB6F5D}.Debug|Any CPU.ActiveCfg = Debug|Any CPU
		{23CE5E93-6F27-404F-B914-DD4027DB6F5D}.Debug|Any CPU.Build.0 = Debug|Any CPU
		{23CE5E93-6F27-404F-B914-DD4027DB6F5D}.Release|Any CPU.ActiveCfg = Release|Any CPU
		{23CE5E93-6F27-404F-B914-DD4027DB6F5D}.Release|Any CPU.Build.0 = Release|Any CPU
		{B5F30BB8-A828-484A-AAFA-95C73EC66A8C}.Debug|Any CPU.ActiveCfg = Debug|Any CPU
		{B5F30BB8-A828-484A-AAFA-95C73EC66A8C}.Debug|Any CPU.Build.0 = Debug|Any CPU
		{B5F30BB8-A828-484A-AAFA-95C73EC66A8C}.Release|Any CPU.ActiveCfg = Release|Any CPU
		{B5F30BB8-A828-484A-AAFA-95C73EC66A8C}.Release|Any CPU.Build.0 = Release|Any CPU
	EndGlobalSection
	GlobalSection(SolutionProperties) = preSolution
		HideSolutionNode = FALSE
	EndGlobalSection
	GlobalSection(ExtensibilityGlobals) = postSolution
		SolutionGuid = {0EE34257-25C6-4799-8138-94A73805E8F3}
	EndGlobalSection
EndGlobal
